
Microsoft Visual Studio Solution File, Format Version 12.00
# Visual Studio Version 16
VisualStudioVersion = 16.0.29123.88
MinimumVisualStudioVersion = 10.0.40219.1
Project("{FAE04EC0-301F-11D3-BF4B-00C04F79EFBC}") = "SEWorldGenPlugin", "SEWorldGenPlugin\SEWorldGenPlugin.csproj", "{1A42F15E-FBC3-4EA9-BB89-97D2AA533665}"
EndProject
Global
	GlobalSection(SolutionConfigurationPlatforms) = preSolution
		Debug|Any CPU = Debug|Any CPU
		Release|Any CPU = Release|Any CPU
	EndGlobalSection
	GlobalSection(ProjectConfigurationPlatforms) = postSolution
		{1A42F15E-FBC3-4EA9-BB89-97D2AA533665}.Debug|Any CPU.ActiveCfg = Debug|x64
		{1A42F15E-FBC3-4EA9-BB89-97D2AA533665}.Debug|Any CPU.Build.0 = Debug|x64
		{1A42F15E-FBC3-4EA9-BB89-97D2AA533665}.Release|Any CPU.ActiveCfg = Release|Any CPU
		{1A42F15E-FBC3-4EA9-BB89-97D2AA533665}.Release|Any CPU.Build.0 = Release|Any CPU
	EndGlobalSection
	GlobalSection(SolutionProperties) = preSolution
		HideSolutionNode = FALSE
	EndGlobalSection
	GlobalSection(ExtensibilityGlobals) = postSolution
		SolutionGuid = {AFC27486-08B7-4BFB-874A-DD3387673947}
	EndGlobalSection
EndGlobal
